
Microsoft Visual Studio Solution File, Format Version 12.00
# Visual Studio Version 17
VisualStudioVersion = 17.5.002.0
MinimumVisualStudioVersion = 10.0.40219.1
Project("{9A19103F-16F7-4668-BE54-9A1E7A4F7556}") = "rest-web-api", "rest-web-api.csproj", "{D96C7313-DFA7-4B6A-950C-740077B1C3E2}"
EndProject
Global
	GlobalSection(SolutionConfigurationPlatforms) = preSolution
		Debug|Any CPU = Debug|Any CPU
		Release|Any CPU = Release|Any CPU
	EndGlobalSection
	GlobalSection(ProjectConfigurationPlatforms) = postSolution
		{D96C7313-DFA7-4B6A-950C-740077B1C3E2}.Debug|Any CPU.ActiveCfg = Debug|Any CPU
		{D96C7313-DFA7-4B6A-950C-740077B1C3E2}.Debug|Any CPU.Build.0 = Debug|Any CPU
		{D96C7313-DFA7-4B6A-950C-740077B1C3E2}.Release|Any CPU.ActiveCfg = Release|Any CPU
		{D96C7313-DFA7-4B6A-950C-740077B1C3E2}.Release|Any CPU.Build.0 = Release|Any CPU
	EndGlobalSection
	GlobalSection(SolutionProperties) = preSolution
		HideSolutionNode = FALSE
	EndGlobalSection
	GlobalSection(ExtensibilityGlobals) = postSolution
		SolutionGuid = {78F96182-C7B1-4B20-9972-D1A6F6F2C068}
	EndGlobalSection
EndGlobal
